
Microsoft Visual Studio Solution File, Format Version 12.00
# Visual Studio Version 16
VisualStudioVersion = 16.0.31624.102
MinimumVisualStudioVersion = 10.0.40219.1
Project("{9A19103F-16F7-4668-BE54-9A1E7A4F7556}") = "AluguelCarro", "AluguelCarro\AluguelCarro.csproj", "{1F3FEA4B-3310-445E-96D5-433B290C0A36}"
EndProject
Project("{FAE04EC0-301F-11D3-BF4B-00C04F79EFBC}") = "AluguelCarroTeste", "AluguelCarroTeste\AluguelCarroTeste.csproj", "{F5F05381-5CCC-43A4-BE94-00F770164F41}"
EndProject
Global
	GlobalSection(SolutionConfigurationPlatforms) = preSolution
		Debug|Any CPU = Debug|Any CPU
		Release|Any CPU = Release|Any CPU
	EndGlobalSection
	GlobalSection(ProjectConfigurationPlatforms) = postSolution
		{1F3FEA4B-3310-445E-96D5-433B290C0A36}.Debug|Any CPU.ActiveCfg = Debug|Any CPU
		{1F3FEA4B-3310-445E-96D5-433B290C0A36}.Debug|Any CPU.Build.0 = Debug|Any CPU
		{1F3FEA4B-3310-445E-96D5-433B290C0A36}.Release|Any CPU.ActiveCfg = Release|Any CPU
		{1F3FEA4B-3310-445E-96D5-433B290C0A36}.Release|Any CPU.Build.0 = Release|Any CPU
		{F5F05381-5CCC-43A4-BE94-00F770164F41}.Debug|Any CPU.ActiveCfg = Debug|Any CPU
		{F5F05381-5CCC-43A4-BE94-00F770164F41}.Debug|Any CPU.Build.0 = Debug|Any CPU
		{F5F05381-5CCC-43A4-BE94-00F770164F41}.Release|Any CPU.ActiveCfg = Release|Any CPU
		{F5F05381-5CCC-43A4-BE94-00F770164F41}.Release|Any CPU.Build.0 = Release|Any CPU
	EndGlobalSection
	GlobalSection(SolutionProperties) = preSolution
		HideSolutionNode = FALSE
	EndGlobalSection
	GlobalSection(ExtensibilityGlobals) = postSolution
		SolutionGuid = {F14905B9-4216-46B8-9BB4-27598D076E04}
	EndGlobalSection
EndGlobal
